github.com/SMerrony/tello v0.9.3 h1:t3qN9yGczsFyTtAnrmDGp2WPvHI/M9qSGb5HuZ09lCw=
github.com/SMerrony/tello v0.9.3/go.mod h1:uY+kEB947XHJLHTq0i2eUlSGZ9ZbxAG4QfkrB1up58o=
github.com/mattn/go-runewidth v0.0.9/go.mod h1:H031xJmbD/WCDINGzjvQ9THkh0rPKHF+m2gUSrubnMI=
github.com/mattn/go-runewidth v0.0.14 h1:+xnbZSEeDbOIg5/mE6JF0w6n9duR1l3/WmbinWVwUuU=
github.com/mattn/go-runewidth v0.0.14/go.mod h1:Jdepj2loyihRzMpdS35Xk/zdY8IAYHsh153qUoGf23w=
github.com/nsf/termbox-go v1.1.1 h1:nksUPLCb73Q++DwbYUBEglYBRPZyoXJdrj5L+TkjyZY=
github.com/nsf/termbox-go v1.1.1/go.mod h1:T0cTdVuOwf7pHQNtfhnEbzHbcNyCEcVU4YPpouCbVxo=
github.com/rivo/uniseg v0.2.0 h1:S1pD9weZBuJdFmowNwbpi7BJ8TNftyUImj/0WQi72jY=
github.com/rivo/uniseg v0.2.0/go.mod h1:J6wj4VEh+S6ZtnVlnTBMWIodfgj8LQOQFoIToxlJtxc=
github.com/simulatedsimian/joystick v1.0.1 h1:bZYHP+qaEmx0oc6oFIYQCt+rYL46G6rZRke+bipEEpY=
github.com/simulatedsimian/joystick v1.0.1/go.mod h1:V+4pJKB2SmVXfp8w7EW5RR9InUXO5M/WhVEHwosjujA=
golang.org/x/sys v0.5.0 h1:MUK/U/4lj1t1oPg0HfuXDN/Z1wv31ZJ/YcPiGccS4DU=
golang.org/x/sys v0.5.0/go.mod h1:oPkhp1MJrh7nUepCBck5+mAzfO9JrbApNNgaTdGDITg=
